
Microsoft Visual Studio Solution File, Format Version 12.00
# Visual Studio Version 17
VisualStudioVersion = 17.11.35219.272
MinimumVisualStudioVersion = 10.0.40219.1
Project("{FAE04EC0-301F-11D3-BF4B-00C04F79EFBC}") = "AutoTelematicSystem", "AutoTelematicSystem\AutoTelematicSystem.csproj", "{AB0AFA75-59BB-4598-BFC1-88E11E17BF9B}"
EndProject
Global
	GlobalSection(SolutionConfigurationPlatforms) = preSolution
		Debug|Any CPU = Debug|Any CPU
		Release|Any CPU = Release|Any CPU
	EndGlobalSection
	GlobalSection(ProjectConfigurationPlatforms) = postSolution
		{AB0AFA75-59BB-4598-BFC1-88E11E17BF9B}.Debug|Any CPU.ActiveCfg = Debug|Any CPU
		{AB0AFA75-59BB-4598-BFC1-88E11E17BF9B}.Debug|Any CPU.Build.0 = Debug|Any CPU
		{AB0AFA75-59BB-4598-BFC1-88E11E17BF9B}.Release|Any CPU.ActiveCfg = Release|Any CPU
		{AB0AFA75-59BB-4598-BFC1-88E11E17BF9B}.Release|Any CPU.Build.0 = Release|Any CPU
	EndGlobalSection
	GlobalSection(SolutionProperties) = preSolution
		HideSolutionNode = FALSE
	EndGlobalSection
	GlobalSection(ExtensibilityGlobals) = postSolution
		SolutionGuid = {ED267F4F-ACAA-4D03-AABC-C58E65A677FB}
	EndGlobalSection
EndGlobal
